
Microsoft Visual Studio Solution File, Format Version 12.00
# Visual Studio Version 17
VisualStudioVersion = 17.14.36429.23 d17.14
MinimumVisualStudioVersion = 10.0.40219.1
Project("{FAE04EC0-301F-11D3-BF4B-00C04F79EFBC}") = "Übung", "Übung\Übung.csproj", "{7B93E4DF-00B8-4A22-A1D3-6439CF7806BF}"
EndProject
Global
	GlobalSection(SolutionConfigurationPlatforms) = preSolution
		Debug|Any CPU = Debug|Any CPU
		Release|Any CPU = Release|Any CPU
	EndGlobalSection
	GlobalSection(ProjectConfigurationPlatforms) = postSolution
		{7B93E4DF-00B8-4A22-A1D3-6439CF7806BF}.Debug|Any CPU.ActiveCfg = Debug|Any CPU
		{7B93E4DF-00B8-4A22-A1D3-6439CF7806BF}.Debug|Any CPU.Build.0 = Debug|Any CPU
		{7B93E4DF-00B8-4A22-A1D3-6439CF7806BF}.Release|Any CPU.ActiveCfg = Release|Any CPU
		{7B93E4DF-00B8-4A22-A1D3-6439CF7806BF}.Release|Any CPU.Build.0 = Release|Any CPU
	EndGlobalSection
	GlobalSection(SolutionProperties) = preSolution
		HideSolutionNode = FALSE
	EndGlobalSection
	GlobalSection(ExtensibilityGlobals) = postSolution
		SolutionGuid = {C26E0BAB-79E6-483F-87BD-784F1537ED1A}
	EndGlobalSection
EndGlobal
